
Microsoft Visual Studio Solution File, Format Version 12.00
# Visual Studio Version 16
VisualStudioVersion = 16.0.31410.357
MinimumVisualStudioVersion = 10.0.40219.1
Project("{FAE04EC0-301F-11D3-BF4B-00C04F79EFBC}") = "Driver_LED", "Driver_LED.csproj", "{4783F4CD-4FB8-4D24-9000-4FF9AFEF0234}"
EndProject
Global
	GlobalSection(SolutionConfigurationPlatforms) = preSolution
		Debug|Any CPU = Debug|Any CPU
		Release|Any CPU = Release|Any CPU
	EndGlobalSection
	GlobalSection(ProjectConfigurationPlatforms) = postSolution
		{4783F4CD-4FB8-4D24-9000-4FF9AFEF0234}.Debug|Any CPU.ActiveCfg = Debug|Any CPU
		{4783F4CD-4FB8-4D24-9000-4FF9AFEF0234}.Debug|Any CPU.Build.0 = Debug|Any CPU
		{4783F4CD-4FB8-4D24-9000-4FF9AFEF0234}.Release|Any CPU.ActiveCfg = Release|Any CPU
		{4783F4CD-4FB8-4D24-9000-4FF9AFEF0234}.Release|Any CPU.Build.0 = Release|Any CPU
	EndGlobalSection
	GlobalSection(SolutionProperties) = preSolution
		HideSolutionNode = FALSE
	EndGlobalSection
	GlobalSection(ExtensibilityGlobals) = postSolution
		SolutionGuid = {E91AAB2A-C4A3-499D-9B56-78CBDD8391A9}
	EndGlobalSection
EndGlobal
